
Microsoft Visual Studio Solution File, Format Version 12.00
# Visual Studio Version 17
VisualStudioVersion = 17.0.31903.59
MinimumVisualStudioVersion = 10.0.40219.1
Project("{2150E333-8FDC-42A3-9474-1A3956D46DE8}") = "src", "src", "{1B16F9DA-3ED5-45D3-B001-BB7ABFD3341E}"
EndProject
Project("{FAE04EC0-301F-11D3-BF4B-00C04F79EFBC}") = "AuctionService", "src\AuctionService\AuctionService.csproj", "{C8EA6E38-4B8B-4573-ADFC-F5BF66243FBC}"
EndProject
Project("{FAE04EC0-301F-11D3-BF4B-00C04F79EFBC}") = "SearchService", "src\SearchService\SearchService.csproj", "{C47D7261-835F-4061-9FAD-C22C11C63104}"
EndProject
Project("{FAE04EC0-301F-11D3-BF4B-00C04F79EFBC}") = "Contracts", "src\Contracts\Contracts.csproj", "{F1DAD056-6096-4453-B428-429AAB8C531F}"
EndProject
Project("{FAE04EC0-301F-11D3-BF4B-00C04F79EFBC}") = "IdentityService", "src\IdentityService\IdentityService.csproj", "{D8F161CF-0DDE-4EE4-8D37-D98E7C0680D7}"
EndProject
Global
	GlobalSection(SolutionConfigurationPlatforms) = preSolution
		Debug|Any CPU = Debug|Any CPU
		Release|Any CPU = Release|Any CPU
	EndGlobalSection
	GlobalSection(SolutionProperties) = preSolution
		HideSolutionNode = FALSE
	EndGlobalSection
	GlobalSection(ProjectConfigurationPlatforms) = postSolution
		{C8EA6E38-4B8B-4573-ADFC-F5BF66243FBC}.Debug|Any CPU.ActiveCfg = Debug|Any CPU
		{C8EA6E38-4B8B-4573-ADFC-F5BF66243FBC}.Debug|Any CPU.Build.0 = Debug|Any CPU
		{C8EA6E38-4B8B-4573-ADFC-F5BF66243FBC}.Release|Any CPU.ActiveCfg = Release|Any CPU
		{C8EA6E38-4B8B-4573-ADFC-F5BF66243FBC}.Release|Any CPU.Build.0 = Release|Any CPU
		{C47D7261-835F-4061-9FAD-C22C11C63104}.Debug|Any CPU.ActiveCfg = Debug|Any CPU
		{C47D7261-835F-4061-9FAD-C22C11C63104}.Debug|Any CPU.Build.0 = Debug|Any CPU
		{C47D7261-835F-4061-9FAD-C22C11C63104}.Release|Any CPU.ActiveCfg = Release|Any CPU
		{C47D7261-835F-4061-9FAD-C22C11C63104}.Release|Any CPU.Build.0 = Release|Any CPU
		{F1DAD056-6096-4453-B428-429AAB8C531F}.Debug|Any CPU.ActiveCfg = Debug|Any CPU
		{F1DAD056-6096-4453-B428-429AAB8C531F}.Debug|Any CPU.Build.0 = Debug|Any CPU
		{F1DAD056-6096-4453-B428-429AAB8C531F}.Release|Any CPU.ActiveCfg = Release|Any CPU
		{F1DAD056-6096-4453-B428-429AAB8C531F}.Release|Any CPU.Build.0 = Release|Any CPU
		{D8F161CF-0DDE-4EE4-8D37-D98E7C0680D7}.Debug|Any CPU.ActiveCfg = Debug|Any CPU
		{D8F161CF-0DDE-4EE4-8D37-D98E7C0680D7}.Debug|Any CPU.Build.0 = Debug|Any CPU
		{D8F161CF-0DDE-4EE4-8D37-D98E7C0680D7}.Release|Any CPU.ActiveCfg = Release|Any CPU
		{D8F161CF-0DDE-4EE4-8D37-D98E7C0680D7}.Release|Any CPU.Build.0 = Release|Any CPU
	EndGlobalSection
	GlobalSection(NestedProjects) = preSolution
		{C8EA6E38-4B8B-4573-ADFC-F5BF66243FBC} = {1B16F9DA-3ED5-45D3-B001-BB7ABFD3341E}
		{C47D7261-835F-4061-9FAD-C22C11C63104} = {1B16F9DA-3ED5-45D3-B001-BB7ABFD3341E}
		{F1DAD056-6096-4453-B428-429AAB8C531F} = {1B16F9DA-3ED5-45D3-B001-BB7ABFD3341E}
		{D8F161CF-0DDE-4EE4-8D37-D98E7C0680D7} = {1B16F9DA-3ED5-45D3-B001-BB7ABFD3341E}
	EndGlobalSection
EndGlobal
